// !$*UTF8*$!
{
	archiveVersion = 1;
	classes = {
	};
	objectVersion = 56;
	objects = {

/* Begin PBXBuildFile section */
		5D0657532A4A78CC00071F64 /* WebView.swift in Sources */ = {isa = PBXBuildFile; fileRef = 5D0657522A4A78CC00071F64 /* WebView.swift */; };
		5D0657552A4A8C5F00071F64 /* CameraView.swift in Sources */ = {isa = PBXBuildFile; fileRef = 5D0657542A4A8C5F00071F64 /* CameraView.swift */; };
		5D0657582A4AB85D00071F64 /* Request.swift in Sources */ = {isa = PBXBuildFile; fileRef = 5D0657572A4AB85D00071F64 /* Request.swift */; };
		5D06575C2A4BC59A00071F64 /* LoginView.swift in Sources */ = {isa = PBXBuildFile; fileRef = 5D06575B2A4BC59A00071F64 /* LoginView.swift */; };
		5D06575E2A4BC9BE00071F64 /* ImagesView.swift in Sources */ = {isa = PBXBuildFile; fileRef = 5D06575D2A4BC9BE00071F64 /* ImagesView.swift */; };
		5D6F90F92A498C6C00E371D6 /* MapView.swift in Sources */ = {isa = PBXBuildFile; fileRef = 5D6F90F82A498C6C00E371D6 /* MapView.swift */; };
		5D738EB72A48174400A7D594 /* AIApp.swift in Sources */ = {isa = PBXBuildFile; fileRef = 5D738EB62A48174400A7D594 /* AIApp.swift */; };
		5D738EBB2A48174600A7D594 /* Assets.xcassets in Resources */ = {isa = PBXBuildFile; fileRef = 5D738EBA2A48174600A7D594 /* Assets.xcassets */; };
		5D738EBF2A48174600A7D594 /* Preview Assets.xcassets in Resources */ = {isa = PBXBuildFile; fileRef = 5D738EBE2A48174600A7D594 /* Preview Assets.xcassets */; };
		5D738EC92A48174600A7D594 /* AITests.swift in Sources */ = {isa = PBXBuildFile; fileRef = 5D738EC82A48174600A7D594 /* AITests.swift */; };
		5D738ED32A48174600A7D594 /* AIUITests.swift in Sources */ = {isa = PBXBuildFile; fileRef = 5D738ED22A48174600A7D594 /* AIUITests.swift */; };
		5D738ED52A48174600A7D594 /* AIUITestsLaunchTests.swift in Sources */ = {isa = PBXBuildFile; fileRef = 5D738ED42A48174600A7D594 /* AIUITestsLaunchTests.swift */; };
		5D738EE22A48176A00A7D594 /* Launch Screen.storyboard in Resources */ = {isa = PBXBuildFile; fileRef = 5D738EE12A48176A00A7D594 /* Launch Screen.storyboard */; };
		5D738EEF2A48280700A7D594 /* ContentView.swift in Sources */ = {isa = PBXBuildFile; fileRef = 5D738EEE2A48280700A7D594 /* ContentView.swift */; };
		5D738EF12A48282E00A7D594 /* HomeView.swift in Sources */ = {isa = PBXBuildFile; fileRef = 5D738EF02A48282E00A7D594 /* HomeView.swift */; };
		5D738EF52A48386D00A7D594 /* AccountView.swift in Sources */ = {isa = PBXBuildFile; fileRef = 5D738EF42A48386D00A7D594 /* AccountView.swift */; };
		5D738EF72A483BC600A7D594 /* AppsView.swift in Sources */ = {isa = PBXBuildFile; fileRef = 5D738EF62A483BC600A7D594 /* AppsView.swift */; };
/* End PBXBuildFile section */

/* Begin PBXContainerItemProxy section */
		5D738EC52A48174600A7D594 /* PBXContainerItemProxy */ = {
			isa = PBXContainerItemProxy;
			containerPortal = 5D738EAB2A48174400A7D594 /* Project object */;
			proxyType = 1;
			remoteGlobalIDString = 5D738EB22A48174400A7D594;
			remoteInfo = AI;
		};
		5D738ECF2A48174600A7D594 /* PBXContainerItemProxy */ = {
			isa = PBXContainerItemProxy;
			containerPortal = 5D738EAB2A48174400A7D594 /* Project object */;
			proxyType = 1;
			remoteGlobalIDString = 5D738EB22A48174400A7D594;
			remoteInfo = AI;
		};
/* End PBXContainerItemProxy section */

/* Begin PBXFileReference section */
		5D0657522A4A78CC00071F64 /* WebView.swift */ = {isa = PBXFileReference; lastKnownFileType = sourcecode.swift; path = WebView.swift; sourceTree = "<group>"; };
		5D0657542A4A8C5F00071F64 /* CameraView.swift */ = {isa = PBXFileReference; lastKnownFileType = sourcecode.swift; path = CameraView.swift; sourceTree = "<group>"; };
		5D0657572A4AB85D00071F64 /* Request.swift */ = {isa = PBXFileReference; lastKnownFileType = sourcecode.swift; path = Request.swift; sourceTree = "<group>"; };
		5D06575B2A4BC59A00071F64 /* LoginView.swift */ = {isa = PBXFileReference; lastKnownFileType = sourcecode.swift; path = LoginView.swift; sourceTree = "<group>"; };
		5D06575D2A4BC9BE00071F64 /* ImagesView.swift */ = {isa = PBXFileReference; lastKnownFileType = sourcecode.swift; path = ImagesView.swift; sourceTree = "<group>"; };
		5D6F90F82A498C6C00E371D6 /* MapView.swift */ = {isa = PBXFileReference; lastKnownFileType = sourcecode.swift; path = MapView.swift; sourceTree = "<group>"; };
		5D738EB32A48174400A7D594 /* AI.app */ = {isa = PBXFileReference; explicitFileType = wrapper.application; includeInIndex = 0; path = AI.app; sourceTree = BUILT_PRODUCTS_DIR; };
		5D738EB62A48174400A7D594 /* AIApp.swift */ = {isa = PBXFileReference; lastKnownFileType = sourcecode.swift; path = AIApp.swift; sourceTree = "<group>"; };
		5D738EBA2A48174600A7D594 /* Assets.xcassets */ = {isa = PBXFileReference; lastKnownFileType = folder.assetcatalog; path = Assets.xcassets; sourceTree = "<group>"; };
		5D738EBC2A48174600A7D594 /* AI.entitlements */ = {isa = PBXFileReference; lastKnownFileType = text.plist.entitlements; path = AI.entitlements; sourceTree = "<group>"; };
		5D738EBE2A48174600A7D594 /* Preview Assets.xcassets */ = {isa = PBXFileReference; lastKnownFileType = folder.assetcatalog; path = "Preview Assets.xcassets"; sourceTree = "<group>"; };
		5D738EC42A48174600A7D594 /* AITests.xctest */ = {isa = PBXFileReference; explicitFileType = wrapper.cfbundle; includeInIndex = 0; path = AITests.xctest; sourceTree = BUILT_PRODUCTS_DIR; };
		5D738EC82A48174600A7D594 /* AITests.swift */ = {isa = PBXFileReference; lastKnownFileType = sourcecode.swift; path = AITests.swift; sourceTree = "<group>"; };
		5D738ECE2A48174600A7D594 /* AIUITests.xctest */ = {isa = PBXFileReference; explicitFileType = wrapper.cfbundle; includeInIndex = 0; path = AIUITests.xctest; sourceTree = BUILT_PRODUCTS_DIR; };
		5D738ED22A48174600A7D594 /* AIUITests.swift */ = {isa = PBXFileReference; lastKnownFileType = sourcecode.swift; path = AIUITests.swift; sourceTree = "<group>"; };
		5D738ED42A48174600A7D594 /* AIUITestsLaunchTests.swift */ = {isa = PBXFileReference; lastKnownFileType = sourcecode.swift; path = AIUITestsLaunchTests.swift; sourceTree = "<group>"; };
		5D738EE12A48176A00A7D594 /* Launch Screen.storyboard */ = {isa = PBXFileReference; lastKnownFileType = file.storyboard; path = "Launch Screen.storyboard"; sourceTree = "<group>"; };
		5D738EEE2A48280700A7D594 /* ContentView.swift */ = {isa = PBXFileReference; lastKnownFileType = sourcecode.swift; path = ContentView.swift; sourceTree = "<group>"; };
		5D738EF02A48282E00A7D594 /* HomeView.swift */ = {isa = PBXFileReference; lastKnownFileType = sourcecode.swift; path = HomeView.swift; sourceTree = "<group>"; };
		5D738EF42A48386D00A7D594 /* AccountView.swift */ = {isa = PBXFileReference; lastKnownFileType = sourcecode.swift; path = AccountView.swift; sourceTree = "<group>"; };
		5D738EF62A483BC600A7D594 /* AppsView.swift */ = {isa = PBXFileReference; lastKnownFileType = sourcecode.swift; path = AppsView.swift; sourceTree = "<group>"; };
/* End PBXFileReference section */

/* Begin PBXFrameworksBuildPhase section */
		5D738EB02A48174400A7D594 /* Frameworks */ = {
			isa = PBXFrameworksBuildPhase;
			buildActionMask = 2147483647;
			files = (
			);
			runOnlyForDeploymentPostprocessing = 0;
		};
		5D738EC12A48174600A7D594 /* Frameworks */ = {
			isa = PBXFrameworksBuildPhase;
			buildActionMask = 2147483647;
			files = (
			);
			runOnlyForDeploymentPostprocessing = 0;
		};
		5D738ECB2A48174600A7D594 /* Frameworks */ = {
			isa = PBXFrameworksBuildPhase;
			buildActionMask = 2147483647;
			files = (
			);
			runOnlyForDeploymentPostprocessing = 0;
		};
/* End PBXFrameworksBuildPhase section */

/* Begin PBXGroup section */
		5D0657562A4AB83A00071F64 /* Request */ = {
			isa = PBXGroup;
			children = (
				5D0657572A4AB85D00071F64 /* Request.swift */,
			);
			path = Request;
			sourceTree = "<group>";
		};
		5D738EAA2A48174400A7D594 = {
			isa = PBXGroup;
			children = (
				5D738EB52A48174400A7D594 /* AI */,
				5D738EC72A48174600A7D594 /* AITests */,
				5D738ED12A48174600A7D594 /* AIUITests */,
				5D738EB42A48174400A7D594 /* Products */,
			);
			sourceTree = "<group>";
		};
		5D738EB42A48174400A7D594 /* Products */ = {
			isa = PBXGroup;
			children = (
				5D738EB32A48174400A7D594 /* AI.app */,
				5D738EC42A48174600A7D594 /* AITests.xctest */,
				5D738ECE2A48174600A7D594 /* AIUITests.xctest */,
			);
			name = Products;
			sourceTree = "<group>";
		};
		5D738EB52A48174400A7D594 /* AI */ = {
			isa = PBXGroup;
			children = (
				5D0657562A4AB83A00071F64 /* Request */,
				5D738EF82A483F0900A7D594 /* Components */,
				5D738EE62A481FEE00A7D594 /* App */,
				5D738EE52A481FCD00A7D594 /* Model */,
				5D738EE42A481FC700A7D594 /* View */,
				5D738EE32A481FC000A7D594 /* Data */,
				5D738EB62A48174400A7D594 /* AIApp.swift */,
				5D738EBA2A48174600A7D594 /* Assets.xcassets */,
				5D738EBC2A48174600A7D594 /* AI.entitlements */,
				5D738EBD2A48174600A7D594 /* Preview Content */,
				5D738EE12A48176A00A7D594 /* Launch Screen.storyboard */,
			);
			path = AI;
			sourceTree = "<group>";
		};
		5D738EBD2A48174600A7D594 /* Preview Content */ = {
			isa = PBXGroup;
			children = (
				5D738EBE2A48174600A7D594 /* Preview Assets.xcassets */,
			);
			path = "Preview Content";
			sourceTree = "<group>";
		};
		5D738EC72A48174600A7D594 /* AITests */ = {
			isa = PBXGroup;
			children = (
				5D738EC82A48174600A7D594 /* AITests.swift */,
			);
			path = AITests;
			sourceTree = "<group>";
		};
		5D738ED12A48174600A7D594 /* AIUITests */ = {
			isa = PBXGroup;
			children = (
				5D738ED22A48174600A7D594 /* AIUITests.swift */,
				5D738ED42A48174600A7D594 /* AIUITestsLaunchTests.swift */,
			);
			path = AIUITests;
			sourceTree = "<group>";
		};
		5D738EE32A481FC000A7D594 /* Data */ = {
			isa = PBXGroup;
			children = (
			);
			path = Data;
			sourceTree = "<group>";
		};
		5D738EE42A481FC700A7D594 /* View */ = {
			isa = PBXGroup;
			children = (
				5D738EEE2A48280700A7D594 /* ContentView.swift */,
				5D738EF02A48282E00A7D594 /* HomeView.swift */,
				5D06575D2A4BC9BE00071F64 /* ImagesView.swift */,
				5D738EF42A48386D00A7D594 /* AccountView.swift */,
				5D738EF62A483BC600A7D594 /* AppsView.swift */,
				5D6F90F82A498C6C00E371D6 /* MapView.swift */,
				5D0657522A4A78CC00071F64 /* WebView.swift */,
				5D0657542A4A8C5F00071F64 /* CameraView.swift */,
				5D06575B2A4BC59A00071F64 /* LoginView.swift */,
			);
			path = View;
			sourceTree = "<group>";
		};
		5D738EE52A481FCD00A7D594 /* Model */ = {
			isa = PBXGroup;
			children = (
			);
			path = Model;
			sourceTree = "<group>";
		};
		5D738EE62A481FEE00A7D594 /* App */ = {
			isa = PBXGroup;
			children = (
			);
			path = App;
			sourceTree = "<group>";
		};
		5D738EF82A483F0900A7D594 /* Components */ = {
			isa = PBXGroup;
			children = (
			);
			path = Components;
			sourceTree = "<group>";
		};
/* End PBXGroup section */

/* Begin PBXNativeTarget section */
		5D738EB22A48174400A7D594 /* AI */ = {
			isa = PBXNativeTarget;
			buildConfigurationList = 5D738ED82A48174600A7D594 /* Build configuration list for PBXNativeTarget "AI" */;
			buildPhases = (
				5D738EAF2A48174400A7D594 /* Sources */,
				5D738EB02A48174400A7D594 /* Frameworks */,
				5D738EB12A48174400A7D594 /* Resources */,
			);
			buildRules = (
			);
			dependencies = (
			);
			name = AI;
			productName = AI;
			productReference = 5D738EB32A48174400A7D594 /* AI.app */;
			productType = "com.apple.product-type.application";
		};
		5D738EC32A48174600A7D594 /* AITests */ = {
			isa = PBXNativeTarget;
			buildConfigurationList = 5D738EDB2A48174600A7D594 /* Build configuration list for PBXNativeTarget "AITests" */;
			buildPhases = (
				5D738EC02A48174600A7D594 /* Sources */,
				5D738EC12A48174600A7D594 /* Frameworks */,
				5D738EC22A48174600A7D594 /* Resources */,
			);
			buildRules = (
			);
			dependencies = (
				5D738EC62A48174600A7D594 /* PBXTargetDependency */,
			);
			name = AITests;
			productName = AITests;
			productReference = 5D738EC42A48174600A7D594 /* AITests.xctest */;
			productType = "com.apple.product-type.bundle.unit-test";
		};
		5D738ECD2A48174600A7D594 /* AIUITests */ = {
			isa = PBXNativeTarget;
			buildConfigurationList = 5D738EDE2A48174600A7D594 /* Build configuration list for PBXNativeTarget "AIUITests" */;
			buildPhases = (
				5D738ECA2A48174600A7D594 /* Sources */,
				5D738ECB2A48174600A7D594 /* Frameworks */,
				5D738ECC2A48174600A7D594 /* Resources */,
			);
			buildRules = (
			);
			dependencies = (
				5D738ED02A48174600A7D594 /* PBXTargetDependency */,
			);
			name = AIUITests;
			productName = AIUITests;
			productReference = 5D738ECE2A48174600A7D594 /* AIUITests.xctest */;
			productType = "com.apple.product-type.bundle.ui-testing";
		};
/* End PBXNativeTarget section */

/* Begin PBXProject section */
		5D738EAB2A48174400A7D594 /* Project object */ = {
			isa = PBXProject;
			attributes = {
				BuildIndependentTargetsInParallel = 1;
				LastSwiftUpdateCheck = 1420;
				LastUpgradeCheck = 1420;
				TargetAttributes = {
					5D738EB22A48174400A7D594 = {
						CreatedOnToolsVersion = 14.2;
					};
					5D738EC32A48174600A7D594 = {
						CreatedOnToolsVersion = 14.2;
						TestTargetID = 5D738EB22A48174400A7D594;
					};
					5D738ECD2A48174600A7D594 = {
						CreatedOnToolsVersion = 14.2;
						TestTargetID = 5D738EB22A48174400A7D594;
					};
				};
			};
			buildConfigurationList = 5D738EAE2A48174400A7D594 /* Build configuration list for PBXProject "AI" */;
			compatibilityVersion = "Xcode 14.0";
			developmentRegion = en;
			hasScannedForEncodings = 0;
			knownRegions = (
				en,
				Base,
			);
			mainGroup = 5D738EAA2A48174400A7D594;
			productRefGroup = 5D738EB42A48174400A7D594 /* Products */;
			projectDirPath = "";
			projectRoot = "";
			targets = (
				5D738EB22A48174400A7D594 /* AI */,
				5D738EC32A48174600A7D594 /* AITests */,
				5D738ECD2A48174600A7D594 /* AIUITests */,
			);
		};
/* End PBXProject section */

/* Begin PBXResourcesBuildPhase section */
		5D738EB12A48174400A7D594 /* Resources */ = {
			isa = PBXResourcesBuildPhase;
			buildActionMask = 2147483647;
			files = (
				5D738EE22A48176A00A7D594 /* Launch Screen.storyboard in Resources */,
				5D738EBF2A48174600A7D594 /* Preview Assets.xcassets in Resources */,
				5D738EBB2A48174600A7D594 /* Assets.xcassets in Resources */,
			);
			runOnlyForDeploymentPostprocessing = 0;
		};
		5D738EC22A48174600A7D594 /* Resources */ = {
			isa = PBXResourcesBuildPhase;
			buildActionMask = 2147483647;
			files = (
			);
			runOnlyForDeploymentPostprocessing = 0;
		};
		5D738ECC2A48174600A7D594 /* Resources */ = {
			isa = PBXResourcesBuildPhase;
			buildActionMask = 2147483647;
			files = (
			);
			runOnlyForDeploymentPostprocessing = 0;
		};
/* End PBXResourcesBuildPhase section */

/* Begin PBXSourcesBuildPhase section */
		5D738EAF2A48174400A7D594 /* Sources */ = {
			isa = PBXSourcesBuildPhase;
			buildActionMask = 2147483647;
			files = (
				5D738EF52A48386D00A7D594 /* AccountView.swift in Sources */,
				5D6F90F92A498C6C00E371D6 /* MapView.swift in Sources */,
				5D06575E2A4BC9BE00071F64 /* ImagesView.swift in Sources */,
				5D738EF12A48282E00A7D594 /* HomeView.swift in Sources */,
				5D738EB72A48174400A7D594 /* AIApp.swift in Sources */,
				5D738EF72A483BC600A7D594 /* AppsView.swift in Sources */,
				5D738EEF2A48280700A7D594 /* ContentView.swift in Sources */,
				5D0657532A4A78CC00071F64 /* WebView.swift in Sources */,
				5D0657582A4AB85D00071F64 /* Request.swift in Sources */,
				5D06575C2A4BC59A00071F64 /* LoginView.swift in Sources */,
				5D0657552A4A8C5F00071F64 /* CameraView.swift in Sources */,
			);
			runOnlyForDeploymentPostprocessing = 0;
		};
		5D738EC02A48174600A7D594 /* Sources */ = {
			isa = PBXSourcesBuildPhase;
			buildActionMask = 2147483647;
			files = (
				5D738EC92A48174600A7D594 /* AITests.swift in Sources */,
			);
			runOnlyForDeploymentPostprocessing = 0;
		};
		5D738ECA2A48174600A7D594 /* Sources */ = {
			isa = PBXSourcesBuildPhase;
			buildActionMask = 2147483647;
			files = (
				5D738ED52A48174600A7D594 /* AIUITestsLaunchTests.swift in Sources */,
				5D738ED32A48174600A7D594 /* AIUITests.swift in Sources */,
			);
			runOnlyForDeploymentPostprocessing = 0;
		};
/* End PBXSourcesBuildPhase section */

/* Begin PBXTargetDependency section */
		5D738EC62A48174600A7D594 /* PBXTargetDependency */ = {
			isa = PBXTargetDependency;
			target = 5D738EB22A48174400A7D594 /* AI */;
			targetProxy = 5D738EC52A48174600A7D594 /* PBXContainerItemProxy */;
		};
		5D738ED02A48174600A7D594 /* PBXTargetDependency */ = {
			isa = PBXTargetDependency;
			target = 5D738EB22A48174400A7D594 /* AI */;
			targetProxy = 5D738ECF2A48174600A7D594 /* PBXContainerItemProxy */;
		};
/* End PBXTargetDependency section */

/* Begin XCBuildConfiguration section */
		5D738ED62A48174600A7D594 /* Debug */ = {
			isa = XCBuildConfiguration;
			buildSettings = {
				ALWAYS_SEARCH_USER_PATHS = NO;
				CLANG_ANALYZER_NONNULL = YES;
				CLANG_ANALYZER_NUMBER_OBJECT_CONVERSION = YES_AGGRESSIVE;
				CLANG_CXX_LANGUAGE_STANDARD = "gnu++20";
				CLANG_ENABLE_MODULES = YES;
				CLANG_ENABLE_OBJC_ARC = YES;
				CLANG_ENABLE_OBJC_WEAK = YES;
				CLANG_WARN_BLOCK_CAPTURE_AUTORELEASING = YES;
				CLANG_WARN_BOOL_CONVERSION = YES;
				CLANG_WARN_COMMA = YES;
				CLANG_WARN_CONSTANT_CONVERSION = YES;
				CLANG_WARN_DEPRECATED_OBJC_IMPLEMENTATIONS = YES;
				CLANG_WARN_DIRECT_OBJC_ISA_USAGE = YES_ERROR;
				CLANG_WARN_DOCUMENTATION_COMMENTS = YES;
				CLANG_WARN_EMPTY_BODY = YES;
				CLANG_WARN_ENUM_CONVERSION = YES;
				CLANG_WARN_INFINITE_RECURSION = YES;
				CLANG_WARN_INT_CONVERSION = YES;
				CLANG_WARN_NON_LITERAL_NULL_CONVERSION = YES;
				CLANG_WARN_OBJC_IMPLICIT_RETAIN_SELF = YES;
				CLANG_WARN_OBJC_LITERAL_CONVERSION = YES;
				CLANG_WARN_OBJC_ROOT_CLASS = YES_ERROR;
				CLANG_WARN_QUOTED_INCLUDE_IN_FRAMEWORK_HEADER = YES;
				CLANG_WARN_RANGE_LOOP_ANALYSIS = YES;
				CLANG_WARN_STRICT_PROTOTYPES = YES;
				CLANG_WARN_SUSPICIOUS_MOVE = YES;
				CLANG_WARN_UNGUARDED_AVAILABILITY = YES_AGGRESSIVE;
				CLANG_WARN_UNREACHABLE_CODE = YES;
				CLANG_WARN__DUPLICATE_METHOD_MATCH = YES;
				COPY_PHASE_STRIP = NO;
				DEBUG_INFORMATION_FORMAT = dwarf;
				ENABLE_STRICT_OBJC_MSGSEND = YES;
				ENABLE_TESTABILITY = YES;
				GCC_C_LANGUAGE_STANDARD = gnu11;
				GCC_DYNAMIC_NO_PIC = NO;
				GCC_NO_COMMON_BLOCKS = YES;
				GCC_OPTIMIZATION_LEVEL = 0;
				GCC_PREPROCESSOR_DEFINITIONS = (
					"DEBUG=1",
					"$(inherited)",
				);
				GCC_WARN_64_TO_32_BIT_CONVERSION = YES;
				GCC_WARN_ABOUT_RETURN_TYPE = YES_ERROR;
				GCC_WARN_UNDECLARED_SELECTOR = YES;
				GCC_WARN_UNINITIALIZED_AUTOS = YES_AGGRESSIVE;
				GCC_WARN_UNUSED_FUNCTION = YES;
				GCC_WARN_UNUSED_VARIABLE = YES;
				MTL_ENABLE_DEBUG_INFO = INCLUDE_SOURCE;
				MTL_FAST_MATH = YES;
				ONLY_ACTIVE_ARCH = YES;
				SWIFT_ACTIVE_COMPILATION_CONDITIONS = DEBUG;
				SWIFT_OPTIMIZATION_LEVEL = "-Onone";
			};
			name = Debug;
		};
		5D738ED72A48174600A7D594 /* Release */ = {
			isa = XCBuildConfiguration;
			buildSettings = {
				ALWAYS_SEARCH_USER_PATHS = NO;
				CLANG_ANALYZER_NONNULL = YES;
				CLANG_ANALYZER_NUMBER_OBJECT_CONVERSION = YES_AGGRESSIVE;
				CLANG_CXX_LANGUAGE_STANDARD = "gnu++20";
				CLANG_ENABLE_MODULES = YES;
				CLANG_ENABLE_OBJC_ARC = YES;
				CLANG_ENABLE_OBJC_WEAK = YES;
				CLANG_WARN_BLOCK_CAPTURE_AUTORELEASING = YES;
				CLANG_WARN_BOOL_CONVERSION = YES;
				CLANG_WARN_COMMA = YES;
				CLANG_WARN_CONSTANT_CONVERSION = YES;
				CLANG_WARN_DEPRECATED_OBJC_IMPLEMENTATIONS = YES;
				CLANG_WARN_DIRECT_OBJC_ISA_USAGE = YES_ERROR;
				CLANG_WARN_DOCUMENTATION_COMMENTS = YES;
				CLANG_WARN_EMPTY_BODY = YES;
				CLANG_WARN_ENUM_CONVERSION = YES;
				CLANG_WARN_INFINITE_RECURSION = YES;
				CLANG_WARN_INT_CONVERSION = YES;
				CLANG_WARN_NON_LITERAL_NULL_CONVERSION = YES;
				CLANG_WARN_OBJC_IMPLICIT_RETAIN_SELF = YES;
				CLANG_WARN_OBJC_LITERAL_CONVERSION = YES;
				CLANG_WARN_OBJC_ROOT_CLASS = YES_ERROR;
				CLANG_WARN_QUOTED_INCLUDE_IN_FRAMEWORK_HEADER = YES;
				CLANG_WARN_RANGE_LOOP_ANALYSIS = YES;
				CLANG_WARN_STRICT_PROTOTYPES = YES;
				CLANG_WARN_SUSPICIOUS_MOVE = YES;
				CLANG_WARN_UNGUARDED_AVAILABILITY = YES_AGGRESSIVE;
				CLANG_WARN_UNREACHABLE_CODE = YES;
				CLANG_WARN__DUPLICATE_METHOD_MATCH = YES;
				COPY_PHASE_STRIP = NO;
				DEBUG_INFORMATION_FORMAT = "dwarf-with-dsym";
				ENABLE_NS_ASSERTIONS = NO;
				ENABLE_STRICT_OBJC_MSGSEND = YES;
				GCC_C_LANGUAGE_STANDARD = gnu11;
				GCC_NO_COMMON_BLOCKS = YES;
				GCC_WARN_64_TO_32_BIT_CONVERSION = YES;
				GCC_WARN_ABOUT_RETURN_TYPE = YES_ERROR;
				GCC_WARN_UNDECLARED_SELECTOR = YES;
				GCC_WARN_UNINITIALIZED_AUTOS = YES_AGGRESSIVE;
				GCC_WARN_UNUSED_FUNCTION = YES;
				GCC_WARN_UNUSED_VARIABLE = YES;
				MTL_ENABLE_DEBUG_INFO = NO;
				MTL_FAST_MATH = YES;
				SWIFT_COMPILATION_MODE = wholemodule;
				SWIFT_OPTIMIZATION_LEVEL = "-O";
			};
			name = Release;
		};
		5D738ED92A48174600A7D594 /* Debug */ = {
			isa = XCBuildConfiguration;
			buildSettings = {
				ASSETCATALOG_COMPILER_APPICON_NAME = AppIcon;
				ASSETCATALOG_COMPILER_GLOBAL_ACCENT_COLOR_NAME = AccentColor;
				CODE_SIGN_ENTITLEMENTS = AI/AI.entitlements;
				CODE_SIGN_STYLE = Automatic;
				CURRENT_PROJECT_VERSION = 1;
				DEVELOPMENT_ASSET_PATHS = "\"AI/Preview Content\"";
				DEVELOPMENT_TEAM = 2JYC5H3782;
				ENABLE_HARDENED_RUNTIME = YES;
				ENABLE_PREVIEWS = YES;
				GENERATE_INFOPLIST_FILE = YES;
				INFOPLIST_KEY_NSCameraUsageDescription = "We need to camera.";
				INFOPLIST_KEY_NSFaceIDUsageDescription = "We need to unlock your data.";
				INFOPLIST_KEY_NSPhotoLibraryUsageDescription = "We need to camera.";
				"INFOPLIST_KEY_UIApplicationSceneManifest_Generation[sdk=iphoneos*]" = YES;
				"INFOPLIST_KEY_UIApplicationSceneManifest_Generation[sdk=iphonesimulator*]" = YES;
				"INFOPLIST_KEY_UIApplicationSupportsIndirectInputEvents[sdk=iphoneos*]" = YES;
				"INFOPLIST_KEY_UIApplicationSupportsIndirectInputEvents[sdk=iphonesimulator*]" = YES;
				"INFOPLIST_KEY_UILaunchScreen_Generation[sdk=iphoneos*]" = YES;
				"INFOPLIST_KEY_UILaunchScreen_Generation[sdk=iphonesimulator*]" = YES;
				INFOPLIST_KEY_UILaunchStoryboardName = "Launch Screen.storyboard";
				"INFOPLIST_KEY_UIStatusBarStyle[sdk=iphoneos*]" = UIStatusBarStyleDefault;
				"INFOPLIST_KEY_UIStatusBarStyle[sdk=iphonesimulator*]" = UIStatusBarStyleDefault;
				INFOPLIST_KEY_UISupportedInterfaceOrientations_iPad = "UIInterfaceOrientationPortrait UIInterfaceOrientationPortraitUpsideDown UIInterfaceOrientationLandscapeLeft UIInterfaceOrientationLandscapeRight";
				INFOPLIST_KEY_UISupportedInterfaceOrientations_iPhone = "UIInterfaceOrientationPortrait UIInterfaceOrientationLandscapeLeft UIInterfaceOrientationLandscapeRight";
				IPHONEOS_DEPLOYMENT_TARGET = 16.2;
				"IPHONEOS_DEPLOYMENT_TARGET[sdk=iphoneos*]" = 16.5.1;
				LD_RUNPATH_SEARCH_PATHS = "@executable_path/Frameworks";
				"LD_RUNPATH_SEARCH_PATHS[sdk=macosx*]" = "@executable_path/../Frameworks";
				MACOSX_DEPLOYMENT_TARGET = 12.6;
				MARKETING_VERSION = 1.0;
				PRODUCT_BUNDLE_IDENTIFIER = My.AI;
				PRODUCT_NAME = "$(TARGET_NAME)";
				SDKROOT = auto;
				SUPPORTED_PLATFORMS = "iphoneos iphonesimulator";
				SUPPORTS_MACCATALYST = NO;
				SUPPORTS_MAC_DESIGNED_FOR_IPHONE_IPAD = NO;
				SWIFT_EMIT_LOC_STRINGS = YES;
				SWIFT_VERSION = 5.0;
				TARGETED_DEVICE_FAMILY = 1;
			};
			name = Debug;
		};
		5D738EDA2A48174600A7D594 /* Release */ = {
			isa = XCBuildConfiguration;
			buildSettings = {
				ASSETCATALOG_COMPILER_APPICON_NAME = AppIcon;
				ASSETCATALOG_COMPILER_GLOBAL_ACCENT_COLOR_NAME = AccentColor;
				CODE_SIGN_ENTITLEMENTS = AI/AI.entitlements;
				CODE_SIGN_STYLE = Automatic;
				CURRENT_PROJECT_VERSION = 1;
				DEVELOPMENT_ASSET_PATHS = "\"AI/Preview Content\"";
				DEVELOPMENT_TEAM = 2JYC5H3782;
				ENABLE_HARDENED_RUNTIME = YES;
				ENABLE_PREVIEWS = YES;
				GENERATE_INFOPLIST_FILE = YES;
				INFOPLIST_KEY_NSCameraUsageDescription = "We need to camera.";
				INFOPLIST_KEY_NSFaceIDUsageDescription = "We need to unlock your data.";
				INFOPLIST_KEY_NSPhotoLibraryUsageDescription = "We need to camera.";
				"INFOPLIST_KEY_UIApplicationSceneManifest_Generation[sdk=iphoneos*]" = YES;
				"INFOPLIST_KEY_UIApplicationSceneManifest_Generation[sdk=iphonesimulator*]" = YES;
				"INFOPLIST_KEY_UIApplicationSupportsIndirectInputEvents[sdk=iphoneos*]" = YES;
				"INFOPLIST_KEY_UIApplicationSupportsIndirectInputEvents[sdk=iphonesimulator*]" = YES;
				"INFOPLIST_KEY_UILaunchScreen_Generation[sdk=iphoneos*]" = YES;
				"INFOPLIST_KEY_UILaunchScreen_Generation[sdk=iphonesimulator*]" = YES;
				INFOPLIST_KEY_UILaunchStoryboardName = "Launch Screen.storyboard";
				"INFOPLIST_KEY_UIStatusBarStyle[sdk=iphoneos*]" = UIStatusBarStyleDefault;
				"INFOPLIST_KEY_UIStatusBarStyle[sdk=iphonesimulator*]" = UIStatusBarStyleDefault;
				INFOPLIST_KEY_UISupportedInterfaceOrientations_iPad = "UIInterfaceOrientationPortrait UIInterfaceOrientationPortraitUpsideDown UIInterfaceOrientationLandscapeLeft UIInterfaceOrientationLandscapeRight";
				INFOPLIST_KEY_UISupportedInterfaceOrientations_iPhone = "UIInterfaceOrientationPortrait UIInterfaceOrientationLandscapeLeft UIInterfaceOrientationLandscapeRight";
				IPHONEOS_DEPLOYMENT_TARGET = 16.2;
				LD_RUNPATH_SEARCH_PATHS = "@executable_path/Frameworks";
				"LD_RUNPATH_SEARCH_PATHS[sdk=macosx*]" = "@executable_path/../Frameworks";
				MACOSX_DEPLOYMENT_TARGET = 12.6;
				MARKETING_VERSION = 1.0;
				PRODUCT_BUNDLE_IDENTIFIER = My.AI;
				PRODUCT_NAME = "$(TARGET_NAME)";
				SDKROOT = auto;
				SUPPORTED_PLATFORMS = "iphoneos iphonesimulator";
				SUPPORTS_MACCATALYST = NO;
				SUPPORTS_MAC_DESIGNED_FOR_IPHONE_IPAD = NO;
				SWIFT_EMIT_LOC_STRINGS = YES;
				SWIFT_VERSION = 5.0;
				TARGETED_DEVICE_FAMILY = 1;
			};
			name = Release;
		};
		5D738EDC2A48174600A7D594 /* Debug */ = {
			isa = XCBuildConfiguration;
			buildSettings = {
				ALWAYS_EMBED_SWIFT_STANDARD_LIBRARIES = YES;
				BUNDLE_LOADER = "$(TEST_HOST)";
				CODE_SIGN_STYLE = Automatic;
				CURRENT_PROJECT_VERSION = 1;
				DEVELOPMENT_TEAM = 2JYC5H3782;
				GENERATE_INFOPLIST_FILE = YES;
				IPHONEOS_DEPLOYMENT_TARGET = 16.2;
				MACOSX_DEPLOYMENT_TARGET = 12.6;
				MARKETING_VERSION = 1.0;
				PRODUCT_BUNDLE_IDENTIFIER = My.AITests;
				PRODUCT_NAME = "$(TARGET_NAME)";
				SDKROOT = auto;
				SUPPORTED_PLATFORMS = "iphoneos iphonesimulator macosx";
				SWIFT_EMIT_LOC_STRINGS = NO;
				SWIFT_VERSION = 5.0;
				TARGETED_DEVICE_FAMILY = "1,2";
				TEST_HOST = "$(BUILT_PRODUCTS_DIR)/AI.app/$(BUNDLE_EXECUTABLE_FOLDER_PATH)/AI";
			};
			name = Debug;
		};
		5D738EDD2A48174600A7D594 /* Release */ = {
			isa = XCBuildConfiguration;
			buildSettings = {
				ALWAYS_EMBED_SWIFT_STANDARD_LIBRARIES = YES;
				BUNDLE_LOADER = "$(TEST_HOST)";
				CODE_SIGN_STYLE = Automatic;
				CURRENT_PROJECT_VERSION = 1;
				DEVELOPMENT_TEAM = 2JYC5H3782;
				GENERATE_INFOPLIST_FILE = YES;
				IPHONEOS_DEPLOYMENT_TARGET = 16.2;
				MACOSX_DEPLOYMENT_TARGET = 12.6;
				MARKETING_VERSION = 1.0;
				PRODUCT_BUNDLE_IDENTIFIER = My.AITests;
				PRODUCT_NAME = "$(TARGET_NAME)";
				SDKROOT = auto;
				SUPPORTED_PLATFORMS = "iphoneos iphonesimulator macosx";
				SWIFT_EMIT_LOC_STRINGS = NO;
				SWIFT_VERSION = 5.0;
				TARGETED_DEVICE_FAMILY = "1,2";
				TEST_HOST = "$(BUILT_PRODUCTS_DIR)/AI.app/$(BUNDLE_EXECUTABLE_FOLDER_PATH)/AI";
			};
			name = Release;
		};
		5D738EDF2A48174600A7D594 /* Debug */ = {
			isa = XCBuildConfiguration;
			buildSettings = {
				ALWAYS_EMBED_SWIFT_STANDARD_LIBRARIES = YES;
				CODE_SIGN_STYLE = Automatic;
				CURRENT_PROJECT_VERSION = 1;
				DEVELOPMENT_TEAM = 2JYC5H3782;
				GENERATE_INFOPLIST_FILE = YES;
				IPHONEOS_DEPLOYMENT_TARGET = 16.2;
				MACOSX_DEPLOYMENT_TARGET = 12.6;
				MARKETING_VERSION = 1.0;
				PRODUCT_BUNDLE_IDENTIFIER = My.AIUITests;
				PRODUCT_NAME = "$(TARGET_NAME)";
				SDKROOT = auto;
				SUPPORTED_PLATFORMS = "iphoneos iphonesimulator macosx";
				SWIFT_EMIT_LOC_STRINGS = NO;
				SWIFT_VERSION = 5.0;
				TARGETED_DEVICE_FAMILY = "1,2";
				TEST_TARGET_NAME = AI;
			};
			name = Debug;
		};
		5D738EE02A48174600A7D594 /* Release */ = {
			isa = XCBuildConfiguration;
			buildSettings = {
				ALWAYS_EMBED_SWIFT_STANDARD_LIBRARIES = YES;
				CODE_SIGN_STYLE = Automatic;
				CURRENT_PROJECT_VERSION = 1;
				DEVELOPMENT_TEAM = 2JYC5H3782;
				GENERATE_INFOPLIST_FILE = YES;
				IPHONEOS_DEPLOYMENT_TARGET = 16.2;
				MACOSX_DEPLOYMENT_TARGET = 12.6;
				MARKETING_VERSION = 1.0;
				PRODUCT_BUNDLE_IDENTIFIER = My.AIUITests;
				PRODUCT_NAME = "$(TARGET_NAME)";
				SDKROOT = auto;
				SUPPORTED_PLATFORMS = "iphoneos iphonesimulator macosx";
				SWIFT_EMIT_LOC_STRINGS = NO;
				SWIFT_VERSION = 5.0;
				TARGETED_DEVICE_FAMILY = "1,2";
				TEST_TARGET_NAME = AI;
			};
			name = Release;
		};
/* End XCBuildConfiguration section */

/* Begin XCConfigurationList section */
		5D738EAE2A48174400A7D594 /* Build configuration list for PBXProject "AI" */ = {
			isa = XCConfigurationList;
			buildConfigurations = (
				5D738ED62A48174600A7D594 /* Debug */,
				5D738ED72A48174600A7D594 /* Release */,
			);
			defaultConfigurationIsVisible = 0;
			defaultConfigurationName = Release;
		};
		5D738ED82A48174600A7D594 /* Build configuration list for PBXNativeTarget "AI" */ = {
			isa = XCConfigurationList;
			buildConfigurations = (
				5D738ED92A48174600A7D594 /* Debug */,
				5D738EDA2A48174600A7D594 /* Release */,
			);
			defaultConfigurationIsVisible = 0;
			defaultConfigurationName = Release;
		};
		5D738EDB2A48174600A7D594 /* Build configuration list for PBXNativeTarget "AITests" */ = {
			isa = XCConfigurationList;
			buildConfigurations = (
				5D738EDC2A48174600A7D594 /* Debug */,
				5D738EDD2A48174600A7D594 /* Release */,
			);
			defaultConfigurationIsVisible = 0;
			defaultConfigurationName = Release;
		};
		5D738EDE2A48174600A7D594 /* Build configuration list for PBXNativeTarget "AIUITests" */ = {
			isa = XCConfigurationList;
			buildConfigurations = (
				5D738EDF2A48174600A7D594 /* Debug */,
				5D738EE02A48174600A7D594 /* Release */,
			);
			defaultConfigurationIsVisible = 0;
			defaultConfigurationName = Release;
		};
/* End XCConfigurationList section */
	};
	rootObject = 5D738EAB2A48174400A7D594 /* Project object */;
}
